
Microsoft Visual Studio Solution File, Format Version 12.00
# Visual Studio Version 17
VisualStudioVersion = 17.8.34322.80
MinimumVisualStudioVersion = 10.0.40219.1
Project("{9A19103F-16F7-4668-BE54-9A1E7A4F7556}") = "Jewelry.Web", "Jewelry.Web\Jewelry.Web.csproj", "{FEF06ADB-BEF3-43E3-859C-5AE0A1A44274}"
EndProject
Project("{FAE04EC0-301F-11D3-BF4B-00C04F79EFBC}") = "Jewelry.Utility", "Jewelry.Utility\Jewelry.Utility.csproj", "{30FA6AB7-5563-467A-A1BE-E3BD899E9146}"
EndProject
Project("{FAE04EC0-301F-11D3-BF4B-00C04F79EFBC}") = "Jewelry.Models", "Jewelry.Models\Jewelry.Models.csproj", "{FF5D59CB-F2B8-40E8-94D8-31FFE0F089C5}"
EndProject
Project("{FAE04EC0-301F-11D3-BF4B-00C04F79EFBC}") = "Jewelry.Data", "Jewelry.Data\Jewelry.Data.csproj", "{2C0D7E9F-9C43-48E8-9E65-0176CC982DCF}"
EndProject
Global
	GlobalSection(SolutionConfigurationPlatforms) = preSolution
		Debug|Any CPU = Debug|Any CPU
		Release|Any CPU = Release|Any CPU
	EndGlobalSection
	GlobalSection(ProjectConfigurationPlatforms) = postSolution
		{FEF06ADB-BEF3-43E3-859C-5AE0A1A44274}.Debug|Any CPU.ActiveCfg = Debug|Any CPU
		{FEF06ADB-BEF3-43E3-859C-5AE0A1A44274}.Debug|Any CPU.Build.0 = Debug|Any CPU
		{FEF06ADB-BEF3-43E3-859C-5AE0A1A44274}.Release|Any CPU.ActiveCfg = Release|Any CPU
		{FEF06ADB-BEF3-43E3-859C-5AE0A1A44274}.Release|Any CPU.Build.0 = Release|Any CPU
		{30FA6AB7-5563-467A-A1BE-E3BD899E9146}.Debug|Any CPU.ActiveCfg = Debug|Any CPU
		{30FA6AB7-5563-467A-A1BE-E3BD899E9146}.Debug|Any CPU.Build.0 = Debug|Any CPU
		{30FA6AB7-5563-467A-A1BE-E3BD899E9146}.Release|Any CPU.ActiveCfg = Release|Any CPU
		{30FA6AB7-5563-467A-A1BE-E3BD899E9146}.Release|Any CPU.Build.0 = Release|Any CPU
		{FF5D59CB-F2B8-40E8-94D8-31FFE0F089C5}.Debug|Any CPU.ActiveCfg = Debug|Any CPU
		{FF5D59CB-F2B8-40E8-94D8-31FFE0F089C5}.Debug|Any CPU.Build.0 = Debug|Any CPU
		{FF5D59CB-F2B8-40E8-94D8-31FFE0F089C5}.Release|Any CPU.ActiveCfg = Release|Any CPU
		{FF5D59CB-F2B8-40E8-94D8-31FFE0F089C5}.Release|Any CPU.Build.0 = Release|Any CPU
		{2C0D7E9F-9C43-48E8-9E65-0176CC982DCF}.Debug|Any CPU.ActiveCfg = Debug|Any CPU
		{2C0D7E9F-9C43-48E8-9E65-0176CC982DCF}.Debug|Any CPU.Build.0 = Debug|Any CPU
		{2C0D7E9F-9C43-48E8-9E65-0176CC982DCF}.Release|Any CPU.ActiveCfg = Release|Any CPU
		{2C0D7E9F-9C43-48E8-9E65-0176CC982DCF}.Release|Any CPU.Build.0 = Release|Any CPU
	EndGlobalSection
	GlobalSection(SolutionProperties) = preSolution
		HideSolutionNode = FALSE
	EndGlobalSection
	GlobalSection(ExtensibilityGlobals) = postSolution
		SolutionGuid = {9B37B018-52A2-4B33-BB80-D7C47E17ECAC}
	EndGlobalSection
EndGlobal
